
Microsoft Visual Studio Solution File, Format Version 12.00
# Visual Studio 14
VisualStudioVersion = 14.0.25420.1
MinimumVisualStudioVersion = 10.0.40219.1
Project("{FAE04EC0-301F-11D3-BF4B-00C04F79EFBC}") = "PumpAndDumpHelperClient", "PumpAndDumpHelperClient\PumpAndDumpHelperClient.csproj", "{3DC7A8C7-E6B2-4271-BA2A-F3540B1E2701}"
EndProject
Project("{FAE04EC0-301F-11D3-BF4B-00C04F79EFBC}") = "Bittrex", "..\csharp-bittrex-api-master\Bittrex\Bittrex.csproj", "{AAA8321A-42F8-43DB-BE5E-544072C9BF58}"
EndProject
Global
	GlobalSection(SolutionConfigurationPlatforms) = preSolution
		Debug|Any CPU = Debug|Any CPU
		Release|Any CPU = Release|Any CPU
	EndGlobalSection
	GlobalSection(ProjectConfigurationPlatforms) = postSolution
		{3DC7A8C7-E6B2-4271-BA2A-F3540B1E2701}.Debug|Any CPU.ActiveCfg = Debug|Any CPU
		{3DC7A8C7-E6B2-4271-BA2A-F3540B1E2701}.Debug|Any CPU.Build.0 = Debug|Any CPU
		{3DC7A8C7-E6B2-4271-BA2A-F3540B1E2701}.Release|Any CPU.ActiveCfg = Release|Any CPU
		{3DC7A8C7-E6B2-4271-BA2A-F3540B1E2701}.Release|Any CPU.Build.0 = Release|Any CPU
		{AAA8321A-42F8-43DB-BE5E-544072C9BF58}.Debug|Any CPU.ActiveCfg = Debug|Any CPU
		{AAA8321A-42F8-43DB-BE5E-544072C9BF58}.Debug|Any CPU.Build.0 = Debug|Any CPU
		{AAA8321A-42F8-43DB-BE5E-544072C9BF58}.Release|Any CPU.ActiveCfg = Release|Any CPU
		{AAA8321A-42F8-43DB-BE5E-544072C9BF58}.Release|Any CPU.Build.0 = Release|Any CPU
	EndGlobalSection
	GlobalSection(SolutionProperties) = preSolution
		HideSolutionNode = FALSE
	EndGlobalSection
EndGlobal
